
Microsoft Visual Studio Solution File, Format Version 11.00
# Visual Studio 2010
Project("{F2A71F9B-5D33-465A-A702-920D77279786}") = "Yaml", "Yaml\Yaml.fsproj", "{7CE0BA06-3236-4499-A283-B7A60CC4500A}"
EndProject
Project("{F2A71F9B-5D33-465A-A702-920D77279786}") = "Yaml.Tests", "Yaml.Tests\Yaml.Tests.fsproj", "{6A06E448-C679-49B4-B4EC-093DEC51C326}"
EndProject
Global
	GlobalSection(SolutionConfigurationPlatforms) = preSolution
		Debug|Any CPU = Debug|Any CPU
		Release|Any CPU = Release|Any CPU
	EndGlobalSection
	GlobalSection(ProjectConfigurationPlatforms) = postSolution
		{7CE0BA06-3236-4499-A283-B7A60CC4500A}.Debug|Any CPU.ActiveCfg = Debug|Any CPU
		{7CE0BA06-3236-4499-A283-B7A60CC4500A}.Debug|Any CPU.Build.0 = Debug|Any CPU
		{7CE0BA06-3236-4499-A283-B7A60CC4500A}.Release|Any CPU.ActiveCfg = Release|Any CPU
		{7CE0BA06-3236-4499-A283-B7A60CC4500A}.Release|Any CPU.Build.0 = Release|Any CPU
		{6A06E448-C679-49B4-B4EC-093DEC51C326}.Debug|Any CPU.ActiveCfg = Debug|Any CPU
		{6A06E448-C679-49B4-B4EC-093DEC51C326}.Debug|Any CPU.Build.0 = Debug|Any CPU
		{6A06E448-C679-49B4-B4EC-093DEC51C326}.Release|Any CPU.ActiveCfg = Release|Any CPU
		{6A06E448-C679-49B4-B4EC-093DEC51C326}.Release|Any CPU.Build.0 = Release|Any CPU
	EndGlobalSection
	GlobalSection(SolutionProperties) = preSolution
		HideSolutionNode = FALSE
	EndGlobalSection
EndGlobal
